// !$*UTF8*$!
{
	archiveVersion = 1;
	classes = {
	};
	objectVersion = 52;
	objects = {

/* Begin PBXBuildFile section */
		245226E1256A912C0094A06C /* AppDelegate.swift in Sources */ = {isa = PBXBuildFile; fileRef = 245226E0256A912C0094A06C /* AppDelegate.swift */; };
		245226E3256A912C0094A06C /* SceneDelegate.swift in Sources */ = {isa = PBXBuildFile; fileRef = 245226E2256A912C0094A06C /* SceneDelegate.swift */; };
		245226E5256A912C0094A06C /* ViewController.swift in Sources */ = {isa = PBXBuildFile; fileRef = 245226E4256A912C0094A06C /* ViewController.swift */; };
		245226E8256A912C0094A06C /* Main.storyboard in Resources */ = {isa = PBXBuildFile; fileRef = 245226E6256A912C0094A06C /* Main.storyboard */; };
		245226EA256A912C0094A06C /* Assets.xcassets in Resources */ = {isa = PBXBuildFile; fileRef = 245226E9256A912C0094A06C /* Assets.xcassets */; };
		245226ED256A912C0094A06C /* LaunchScreen.storyboard in Resources */ = {isa = PBXBuildFile; fileRef = 245226EB256A912C0094A06C /* LaunchScreen.storyboard */; };
		24A7574E256AA69C00239475 /* GoogleMobileAds.xcframework in Frameworks */ = {isa = PBXBuildFile; fileRef = 24A7574D256AA69C00239475 /* GoogleMobileAds.xcframework */; };
		B56BDFABC13BDDBABDE3B486 /* Pods_AdmobApp.framework in Frameworks */ = {isa = PBXBuildFile; fileRef = 3B375BDE1D38FF01CB9B56FE /* Pods_AdmobApp.framework */; };
/* End PBXBuildFile section */

/* Begin PBXFileReference section */
		245226DD256A912C0094A06C /* AdmobApp.app */ = {isa = PBXFileReference; explicitFileType = wrapper.application; includeInIndex = 0; path = AdmobApp.app; sourceTree = BUILT_PRODUCTS_DIR; };
		245226E0256A912C0094A06C /* AppDelegate.swift */ = {isa = PBXFileReference; lastKnownFileType = sourcecode.swift; path = AppDelegate.swift; sourceTree = "<group>"; };
		245226E2256A912C0094A06C /* SceneDelegate.swift */ = {isa = PBXFileReference; lastKnownFileType = sourcecode.swift; path = SceneDelegate.swift; sourceTree = "<group>"; };
		245226E4256A912C0094A06C /* ViewController.swift */ = {isa = PBXFileReference; lastKnownFileType = sourcecode.swift; path = ViewController.swift; sourceTree = "<group>"; };
		245226E7256A912C0094A06C /* Base */ = {isa = PBXFileReference; lastKnownFileType = file.storyboard; name = Base; path = Base.lproj/Main.storyboard; sourceTree = "<group>"; };
		245226E9256A912C0094A06C /* Assets.xcassets */ = {isa = PBXFileReference; lastKnownFileType = folder.assetcatalog; path = Assets.xcassets; sourceTree = "<group>"; };
		245226EC256A912C0094A06C /* Base */ = {isa = PBXFileReference; lastKnownFileType = file.storyboard; name = Base; path = Base.lproj/LaunchScreen.storyboard; sourceTree = "<group>"; };
		245226EE256A912D0094A06C /* Info.plist */ = {isa = PBXFileReference; lastKnownFileType = text.plist.xml; path = Info.plist; sourceTree = "<group>"; };
		24A7574D256AA69C00239475 /* GoogleMobileAds.xcframework */ = {isa = PBXFileReference; lastKnownFileType = wrapper.xcframework; name = GoogleMobileAds.xcframework; path = "Pods/Google-Mobile-Ads-SDK/Frameworks/GoogleMobileAdsFramework-Current/GoogleMobileAds.xcframework"; sourceTree = "<group>"; };
		3B375BDE1D38FF01CB9B56FE /* Pods_AdmobApp.framework */ = {isa = PBXFileReference; explicitFileType = wrapper.framework; includeInIndex = 0; path = Pods_AdmobApp.framework; sourceTree = BUILT_PRODUCTS_DIR; };
		D4A1B04F1ACC58B712090195 /* Pods-AdmobApp.debug.xcconfig */ = {isa = PBXFileReference; includeInIndex = 1; lastKnownFileType = text.xcconfig; name = "Pods-AdmobApp.debug.xcconfig"; path = "Target Support Files/Pods-AdmobApp/Pods-AdmobApp.debug.xcconfig"; sourceTree = "<group>"; };
		FA76F4704089AB6266149A75 /* Pods-AdmobApp.release.xcconfig */ = {isa = PBXFileReference; includeInIndex = 1; lastKnownFileType = text.xcconfig; name = "Pods-AdmobApp.release.xcconfig"; path = "Target Support Files/Pods-AdmobApp/Pods-AdmobApp.release.xcconfig"; sourceTree = "<group>"; };
/* End PBXFileReference section */

/* Begin PBXFrameworksBuildPhase section */
		245226DA256A912C0094A06C /* Frameworks */ = {
			isa = PBXFrameworksBuildPhase;
			buildActionMask = 2147483647;
			files = (
				24A7574E256AA69C00239475 /* GoogleMobileAds.xcframework in Frameworks */,
				B56BDFABC13BDDBABDE3B486 /* Pods_AdmobApp.framework in Frameworks */,
			);
			runOnlyForDeploymentPostprocessing = 0;
		};
/* End PBXFrameworksBuildPhase section */

/* Begin PBXGroup section */
		245226D4256A912C0094A06C = {
			isa = PBXGroup;
			children = (
				245226DF256A912C0094A06C /* AdmobApp */,
				245226DE256A912C0094A06C /* Products */,
				744DBC7C0FABF96132E1B572 /* Pods */,
				DE919F628D3287046F02A223 /* Frameworks */,
			);
			sourceTree = "<group>";
		};
		245226DE256A912C0094A06C /* Products */ = {
			isa = PBXGroup;
			children = (
				245226DD256A912C0094A06C /* AdmobApp.app */,
			);
			name = Products;
			sourceTree = "<group>";
		};
		245226DF256A912C0094A06C /* AdmobApp */ = {
			isa = PBXGroup;
			children = (
				245226E0256A912C0094A06C /* AppDelegate.swift */,
				245226E2256A912C0094A06C /* SceneDelegate.swift */,
				245226E4256A912C0094A06C /* ViewController.swift */,
				245226E6256A912C0094A06C /* Main.storyboard */,
				245226E9256A912C0094A06C /* Assets.xcassets */,
				245226EB256A912C0094A06C /* LaunchScreen.storyboard */,
				245226EE256A912D0094A06C /* Info.plist */,
			);
			path = AdmobApp;
			sourceTree = "<group>";
		};
		744DBC7C0FABF96132E1B572 /* Pods */ = {
			isa = PBXGroup;
			children = (
				D4A1B04F1ACC58B712090195 /* Pods-AdmobApp.debug.xcconfig */,
				FA76F4704089AB6266149A75 /* Pods-AdmobApp.release.xcconfig */,
			);
			path = Pods;
			sourceTree = "<group>";
		};
		DE919F628D3287046F02A223 /* Frameworks */ = {
			isa = PBXGroup;
			children = (
				24A7574D256AA69C00239475 /* GoogleMobileAds.xcframework */,
				3B375BDE1D38FF01CB9B56FE /* Pods_AdmobApp.framework */,
			);
			name = Frameworks;
			sourceTree = "<group>";
		};
/* End PBXGroup section */

/* Begin PBXNativeTarget section */
		245226DC256A912C0094A06C /* AdmobApp */ = {
			isa = PBXNativeTarget;
			buildConfigurationList = 245226F1256A912D0094A06C /* Build configuration list for PBXNativeTarget "AdmobApp" */;
			buildPhases = (
				576B3898F718012979C0FC79 /* [CP] Check Pods Manifest.lock */,
				245226D9256A912C0094A06C /* Sources */,
				245226DA256A912C0094A06C /* Frameworks */,
				245226DB256A912C0094A06C /* Resources */,
				5883F2CE781E9A888C704107 /* [CP] Embed Pods Frameworks */,
			);
			buildRules = (
			);
			dependencies = (
			);
			name = AdmobApp;
			productName = AdmobApp;
			productReference = 245226DD256A912C0094A06C /* AdmobApp.app */;
			productType = "com.apple.product-type.application";
		};
/* End PBXNativeTarget section */

/* Begin PBXProject section */
		245226D5256A912C0094A06C /* Project object */ = {
			isa = PBXProject;
			attributes = {
				LastSwiftUpdateCheck = 1220;
				LastUpgradeCheck = 1220;
				TargetAttributes = {
					245226DC256A912C0094A06C = {
						CreatedOnToolsVersion = 12.2;
					};
				};
			};
			buildConfigurationList = 245226D8256A912C0094A06C /* Build configuration list for PBXProject "AdmobApp" */;
			compatibilityVersion = "Xcode 9.3";
			developmentRegion = en;
			hasScannedForEncodings = 0;
			knownRegions = (
				en,
				Base,
			);
			mainGroup = 245226D4256A912C0094A06C;
			productRefGroup = 245226DE256A912C0094A06C /* Products */;
			projectDirPath = "";
			projectRoot = "";
			targets = (
				245226DC256A912C0094A06C /* AdmobApp */,
			);
		};
/* End PBXProject section */

/* Begin PBXResourcesBuildPhase section */
		245226DB256A912C0094A06C /* Resources */ = {
			isa = PBXResourcesBuildPhase;
			buildActionMask = 2147483647;
			files = (
				245226ED256A912C0094A06C /* LaunchScreen.storyboard in Resources */,
				245226EA256A912C0094A06C /* Assets.xcassets in Resources */,
				245226E8256A912C0094A06C /* Main.storyboard in Resources */,
			);
			runOnlyForDeploymentPostprocessing = 0;
		};
/* End PBXResourcesBuildPhase section */

/* Begin PBXShellScriptBuildPhase section */
		576B3898F718012979C0FC79 /* [CP] Check Pods Manifest.lock */ = {
			isa = PBXShellScriptBuildPhase;
			buildActionMask = 2147483647;
			files = (
			);
			inputFileListPaths = (
			);
			inputPaths = (
				"${PODS_PODFILE_DIR_PATH}/Podfile.lock",
				"${PODS_ROOT}/Manifest.lock",
			);
			name = "[CP] Check Pods Manifest.lock";
			outputFileListPaths = (
			);
			outputPaths = (
				"$(DERIVED_FILE_DIR)/Pods-AdmobApp-checkManifestLockResult.txt",
			);
			runOnlyForDeploymentPostprocessing = 0;
			shellPath = /bin/sh;
			shellScript = "diff \"${PODS_PODFILE_DIR_PATH}/Podfile.lock\" \"${PODS_ROOT}/Manifest.lock\" > /dev/null\nif [ $? != 0 ] ; then\n    # print error to STDERR\n    echo \"error: The sandbox is not in sync with the Podfile.lock. Run 'pod install' or update your CocoaPods installation.\" >&2\n    exit 1\nfi\n# This output is used by Xcode 'outputs' to avoid re-running this script phase.\necho \"SUCCESS\" > \"${SCRIPT_OUTPUT_FILE_0}\"\n";
			showEnvVarsInLog = 0;
		};
		5883F2CE781E9A888C704107 /* [CP] Embed Pods Frameworks */ = {
			isa = PBXShellScriptBuildPhase;
			buildActionMask = 2147483647;
			files = (
			);
			inputFileListPaths = (
				"${PODS_ROOT}/Target Support Files/Pods-AdmobApp/Pods-AdmobApp-frameworks-${CONFIGURATION}-input-files.xcfilelist",
			);
			name = "[CP] Embed Pods Frameworks";
			outputFileListPaths = (
				"${PODS_ROOT}/Target Support Files/Pods-AdmobApp/Pods-AdmobApp-frameworks-${CONFIGURATION}-output-files.xcfilelist",
			);
			runOnlyForDeploymentPostprocessing = 0;
			shellPath = /bin/sh;
			shellScript = "\"${PODS_ROOT}/Target Support Files/Pods-AdmobApp/Pods-AdmobApp-frameworks.sh\"\n";
			showEnvVarsInLog = 0;
		};
/* End PBXShellScriptBuildPhase section */

/* Begin PBXSourcesBuildPhase section */
		245226D9256A912C0094A06C /* Sources */ = {
			isa = PBXSourcesBuildPhase;
			buildActionMask = 2147483647;
			files = (
				245226E5256A912C0094A06C /* ViewController.swift in Sources */,
				245226E1256A912C0094A06C /* AppDelegate.swift in Sources */,
				245226E3256A912C0094A06C /* SceneDelegate.swift in Sources */,
			);
			runOnlyForDeploymentPostprocessing = 0;
		};
/* End PBXSourcesBuildPhase section */

/* Begin PBXVariantGroup section */
		245226E6256A912C0094A06C /* Main.storyboard */ = {
			isa = PBXVariantGroup;
			children = (
				245226E7256A912C0094A06C /* Base */,
			);
			name = Main.storyboard;
			sourceTree = "<group>";
		};
		245226EB256A912C0094A06C /* LaunchScreen.storyboard */ = {
			isa = PBXVariantGroup;
			children = (
				245226EC256A912C0094A06C /* Base */,
			);
			name = LaunchScreen.storyboard;
			sourceTree = "<group>";
		};
/* End PBXVariantGroup section */

/* Begin XCBuildConfiguration section */
		245226EF256A912D0094A06C /* Debug */ = {
			isa = XCBuildConfiguration;
			buildSettings = {
				ALWAYS_SEARCH_USER_PATHS = NO;
				CLANG_ANALYZER_NONNULL = YES;
				CLANG_ANALYZER_NUMBER_OBJECT_CONVERSION = YES_AGGRESSIVE;
				CLANG_CXX_LANGUAGE_STANDARD = "gnu++14";
				CLANG_CXX_LIBRARY = "libc++";
				CLANG_ENABLE_MODULES = YES;
				CLANG_ENABLE_OBJC_ARC = YES;
				CLANG_ENABLE_OBJC_WEAK = YES;
				CLANG_WARN_BLOCK_CAPTURE_AUTORELEASING = YES;
				CLANG_WARN_BOOL_CONVERSION = YES;
				CLANG_WARN_COMMA = YES;
				CLANG_WARN_CONSTANT_CONVERSION = YES;
				CLANG_WARN_DEPRECATED_OBJC_IMPLEMENTATIONS = YES;
				CLANG_WARN_DIRECT_OBJC_ISA_USAGE = YES_ERROR;
				CLANG_WARN_DOCUMENTATION_COMMENTS = YES;
				CLANG_WARN_EMPTY_BODY = YES;
				CLANG_WARN_ENUM_CONVERSION = YES;
				CLANG_WARN_INFINITE_RECURSION = YES;
				CLANG_WARN_INT_CONVERSION = YES;
				CLANG_WARN_NON_LITERAL_NULL_CONVERSION = YES;
				CLANG_WARN_OBJC_IMPLICIT_RETAIN_SELF = YES;
				CLANG_WARN_OBJC_LITERAL_CONVERSION = YES;
				CLANG_WARN_OBJC_ROOT_CLASS = YES_ERROR;
				CLANG_WARN_QUOTED_INCLUDE_IN_FRAMEWORK_HEADER = YES;
				CLANG_WARN_RANGE_LOOP_ANALYSIS = YES;
				CLANG_WARN_STRICT_PROTOTYPES = YES;
				CLANG_WARN_SUSPICIOUS_MOVE = YES;
				CLANG_WARN_UNGUARDED_AVAILABILITY = YES_AGGRESSIVE;
				CLANG_WARN_UNREACHABLE_CODE = YES;
				CLANG_WARN__DUPLICATE_METHOD_MATCH = YES;
				COPY_PHASE_STRIP = NO;
				DEBUG_INFORMATION_FORMAT = dwarf;
				ENABLE_STRICT_OBJC_MSGSEND = YES;
				ENABLE_TESTABILITY = YES;
				GCC_C_LANGUAGE_STANDARD = gnu11;
				GCC_DYNAMIC_NO_PIC = NO;
				GCC_NO_COMMON_BLOCKS = YES;
				GCC_OPTIMIZATION_LEVEL = 0;
				GCC_PREPROCESSOR_DEFINITIONS = (
					"DEBUG=1",
					"$(inherited)",
				);
				GCC_WARN_64_TO_32_BIT_CONVERSION = YES;
				GCC_WARN_ABOUT_RETURN_TYPE = YES_ERROR;
				GCC_WARN_UNDECLARED_SELECTOR = YES;
				GCC_WARN_UNINITIALIZED_AUTOS = YES_AGGRESSIVE;
				GCC_WARN_UNUSED_FUNCTION = YES;
				GCC_WARN_UNUSED_VARIABLE = YES;
				IPHONEOS_DEPLOYMENT_TARGET = 14.2;
				MTL_ENABLE_DEBUG_INFO = INCLUDE_SOURCE;
				MTL_FAST_MATH = YES;
				ONLY_ACTIVE_ARCH = YES;
				SDKROOT = iphoneos;
				SWIFT_ACTIVE_COMPILATION_CONDITIONS = DEBUG;
				SWIFT_OPTIMIZATION_LEVEL = "-Onone";
			};
			name = Debug;
		};
		245226F0256A912D0094A06C /* Release */ = {
			isa = XCBuildConfiguration;
			buildSettings = {
				ALWAYS_SEARCH_USER_PATHS = NO;
				CLANG_ANALYZER_NONNULL = YES;
				CLANG_ANALYZER_NUMBER_OBJECT_CONVERSION = YES_AGGRESSIVE;
				CLANG_CXX_LANGUAGE_STANDARD = "gnu++14";
				CLANG_CXX_LIBRARY = "libc++";
				CLANG_ENABLE_MODULES = YES;
				CLANG_ENABLE_OBJC_ARC = YES;
				CLANG_ENABLE_OBJC_WEAK = YES;
				CLANG_WARN_BLOCK_CAPTURE_AUTORELEASING = YES;
				CLANG_WARN_BOOL_CONVERSION = YES;
				CLANG_WARN_COMMA = YES;
				CLANG_WARN_CONSTANT_CONVERSION = YES;
				CLANG_WARN_DEPRECATED_OBJC_IMPLEMENTATIONS = YES;
				CLANG_WARN_DIRECT_OBJC_ISA_USAGE = YES_ERROR;
				CLANG_WARN_DOCUMENTATION_COMMENTS = YES;
				CLANG_WARN_EMPTY_BODY = YES;
				CLANG_WARN_ENUM_CONVERSION = YES;
				CLANG_WARN_INFINITE_RECURSION = YES;
				CLANG_WARN_INT_CONVERSION = YES;
				CLANG_WARN_NON_LITERAL_NULL_CONVERSION = YES;
				CLANG_WARN_OBJC_IMPLICIT_RETAIN_SELF = YES;
				CLANG_WARN_OBJC_LITERAL_CONVERSION = YES;
				CLANG_WARN_OBJC_ROOT_CLASS = YES_ERROR;
				CLANG_WARN_QUOTED_INCLUDE_IN_FRAMEWORK_HEADER = YES;
				CLANG_WARN_RANGE_LOOP_ANALYSIS = YES;
				CLANG_WARN_STRICT_PROTOTYPES = YES;
				CLANG_WARN_SUSPICIOUS_MOVE = YES;
				CLANG_WARN_UNGUARDED_AVAILABILITY = YES_AGGRESSIVE;
				CLANG_WARN_UNREACHABLE_CODE = YES;
				CLANG_WARN__DUPLICATE_METHOD_MATCH = YES;
				COPY_PHASE_STRIP = NO;
				DEBUG_INFORMATION_FORMAT = "dwarf-with-dsym";
				ENABLE_NS_ASSERTIONS = NO;
				ENABLE_STRICT_OBJC_MSGSEND = YES;
				GCC_C_LANGUAGE_STANDARD = gnu11;
				GCC_NO_COMMON_BLOCKS = YES;
				GCC_WARN_64_TO_32_BIT_CONVERSION = YES;
				GCC_WARN_ABOUT_RETURN_TYPE = YES_ERROR;
				GCC_WARN_UNDECLARED_SELECTOR = YES;
				GCC_WARN_UNINITIALIZED_AUTOS = YES_AGGRESSIVE;
				GCC_WARN_UNUSED_FUNCTION = YES;
				GCC_WARN_UNUSED_VARIABLE = YES;
				IPHONEOS_DEPLOYMENT_TARGET = 14.2;
				MTL_ENABLE_DEBUG_INFO = NO;
				MTL_FAST_MATH = YES;
				SDKROOT = iphoneos;
				SWIFT_COMPILATION_MODE = wholemodule;
				SWIFT_OPTIMIZATION_LEVEL = "-O";
				VALIDATE_PRODUCT = YES;
			};
			name = Release;
		};
		245226F2256A912D0094A06C /* Debug */ = {
			isa = XCBuildConfiguration;
			baseConfigurationReference = D4A1B04F1ACC58B712090195 /* Pods-AdmobApp.debug.xcconfig */;
			buildSettings = {
				ASSETCATALOG_COMPILER_APPICON_NAME = AppIcon;
				ASSETCATALOG_COMPILER_GLOBAL_ACCENT_COLOR_NAME = AccentColor;
				CODE_SIGN_STYLE = Automatic;
				DEVELOPMENT_TEAM = HF833JV2AF;
				INFOPLIST_FILE = AdmobApp/Info.plist;
				LD_RUNPATH_SEARCH_PATHS = (
					"$(inherited)",
					"@executable_path/Frameworks",
				);
				PRODUCT_BUNDLE_IDENTIFIER = joon.AdmobApp;
				PRODUCT_NAME = "$(TARGET_NAME)";
				SWIFT_VERSION = 5.0;
				TARGETED_DEVICE_FAMILY = "1,2";
			};
			name = Debug;
		};
		245226F3256A912D0094A06C /* Release */ = {
			isa = XCBuildConfiguration;
			baseConfigurationReference = FA76F4704089AB6266149A75 /* Pods-AdmobApp.release.xcconfig */;
			buildSettings = {
				ASSETCATALOG_COMPILER_APPICON_NAME = AppIcon;
				ASSETCATALOG_COMPILER_GLOBAL_ACCENT_COLOR_NAME = AccentColor;
				CODE_SIGN_STYLE = Automatic;
				DEVELOPMENT_TEAM = HF833JV2AF;
				INFOPLIST_FILE = AdmobApp/Info.plist;
				LD_RUNPATH_SEARCH_PATHS = (
					"$(inherited)",
					"@executable_path/Frameworks",
				);
				PRODUCT_BUNDLE_IDENTIFIER = joon.AdmobApp;
				PRODUCT_NAME = "$(TARGET_NAME)";
				SWIFT_VERSION = 5.0;
				TARGETED_DEVICE_FAMILY = "1,2";
			};
			name = Release;
		};
/* End XCBuildConfiguration section */

/* Begin XCConfigurationList section */
		245226D8256A912C0094A06C /* Build configuration list for PBXProject "AdmobApp" */ = {
			isa = XCConfigurationList;
			buildConfigurations = (
				245226EF256A912D0094A06C /* Debug */,
				245226F0256A912D0094A06C /* Release */,
			);
			defaultConfigurationIsVisible = 0;
			defaultConfigurationName = Release;
		};
		245226F1256A912D0094A06C /* Build configuration list for PBXNativeTarget "AdmobApp" */ = {
			isa = XCConfigurationList;
			buildConfigurations = (
				245226F2256A912D0094A06C /* Debug */,
				245226F3256A912D0094A06C /* Release */,
			);
			defaultConfigurationIsVisible = 0;
			defaultConfigurationName = Release;
		};
/* End XCConfigurationList section */
	};
	rootObject = 245226D5256A912C0094A06C /* Project object */;
}
