// !$*UTF8*$!
{
	archiveVersion = 1;
	classes = {
	};
	objectVersion = 51;
	objects = {

/* Begin PBXBuildFile section */
		24BEF5EA25E5F8410078AC29 /* AppDelegate.swift in Sources */ = {isa = PBXBuildFile; fileRef = 24BEF5E925E5F8410078AC29 /* AppDelegate.swift */; };
		24BEF5EC25E5F8410078AC29 /* SceneDelegate.swift in Sources */ = {isa = PBXBuildFile; fileRef = 24BEF5EB25E5F8410078AC29 /* SceneDelegate.swift */; };
		24BEF5EE25E5F8410078AC29 /* ViewController.swift in Sources */ = {isa = PBXBuildFile; fileRef = 24BEF5ED25E5F8410078AC29 /* ViewController.swift */; };
		24BEF5F125E5F8410078AC29 /* Main.storyboard in Resources */ = {isa = PBXBuildFile; fileRef = 24BEF5EF25E5F8410078AC29 /* Main.storyboard */; };
		24BEF5F325E5F8430078AC29 /* Assets.xcassets in Resources */ = {isa = PBXBuildFile; fileRef = 24BEF5F225E5F8430078AC29 /* Assets.xcassets */; };
		24BEF5F625E5F8430078AC29 /* LaunchScreen.storyboard in Resources */ = {isa = PBXBuildFile; fileRef = 24BEF5F425E5F8430078AC29 /* LaunchScreen.storyboard */; };
		783D2C3E977D1B0C65BB5D7E /* Pods_DownloadButtonApp.framework in Frameworks */ = {isa = PBXBuildFile; fileRef = 356336C8B819C008FDE17495 /* Pods_DownloadButtonApp.framework */; };
/* End PBXBuildFile section */

/* Begin PBXFileReference section */
		23C429446A1FCC852A89F82B /* Pods-DownloadButtonApp.debug.xcconfig */ = {isa = PBXFileReference; includeInIndex = 1; lastKnownFileType = text.xcconfig; name = "Pods-DownloadButtonApp.debug.xcconfig"; path = "Target Support Files/Pods-DownloadButtonApp/Pods-DownloadButtonApp.debug.xcconfig"; sourceTree = "<group>"; };
		24BEF5E625E5F8410078AC29 /* DownloadButtonApp.app */ = {isa = PBXFileReference; explicitFileType = wrapper.application; includeInIndex = 0; path = DownloadButtonApp.app; sourceTree = BUILT_PRODUCTS_DIR; };
		24BEF5E925E5F8410078AC29 /* AppDelegate.swift */ = {isa = PBXFileReference; lastKnownFileType = sourcecode.swift; path = AppDelegate.swift; sourceTree = "<group>"; };
		24BEF5EB25E5F8410078AC29 /* SceneDelegate.swift */ = {isa = PBXFileReference; lastKnownFileType = sourcecode.swift; path = SceneDelegate.swift; sourceTree = "<group>"; };
		24BEF5ED25E5F8410078AC29 /* ViewController.swift */ = {isa = PBXFileReference; lastKnownFileType = sourcecode.swift; path = ViewController.swift; sourceTree = "<group>"; };
		24BEF5F025E5F8410078AC29 /* Base */ = {isa = PBXFileReference; lastKnownFileType = file.storyboard; name = Base; path = Base.lproj/Main.storyboard; sourceTree = "<group>"; };
		24BEF5F225E5F8430078AC29 /* Assets.xcassets */ = {isa = PBXFileReference; lastKnownFileType = folder.assetcatalog; path = Assets.xcassets; sourceTree = "<group>"; };
		24BEF5F525E5F8430078AC29 /* Base */ = {isa = PBXFileReference; lastKnownFileType = file.storyboard; name = Base; path = Base.lproj/LaunchScreen.storyboard; sourceTree = "<group>"; };
		24BEF5F725E5F8430078AC29 /* Info.plist */ = {isa = PBXFileReference; lastKnownFileType = text.plist.xml; path = Info.plist; sourceTree = "<group>"; };
		356336C8B819C008FDE17495 /* Pods_DownloadButtonApp.framework */ = {isa = PBXFileReference; explicitFileType = wrapper.framework; includeInIndex = 0; path = Pods_DownloadButtonApp.framework; sourceTree = BUILT_PRODUCTS_DIR; };
		F35728C50097F8154AE17F94 /* Pods-DownloadButtonApp.release.xcconfig */ = {isa = PBXFileReference; includeInIndex = 1; lastKnownFileType = text.xcconfig; name = "Pods-DownloadButtonApp.release.xcconfig"; path = "Target Support Files/Pods-DownloadButtonApp/Pods-DownloadButtonApp.release.xcconfig"; sourceTree = "<group>"; };
/* End PBXFileReference section */

/* Begin PBXFrameworksBuildPhase section */
		24BEF5E325E5F8410078AC29 /* Frameworks */ = {
			isa = PBXFrameworksBuildPhase;
			buildActionMask = 2147483647;
			files = (
				783D2C3E977D1B0C65BB5D7E /* Pods_DownloadButtonApp.framework in Frameworks */,
			);
			runOnlyForDeploymentPostprocessing = 0;
		};
/* End PBXFrameworksBuildPhase section */

/* Begin PBXGroup section */
		0B3BE1F14647B65726535A68 /* Pods */ = {
			isa = PBXGroup;
			children = (
				23C429446A1FCC852A89F82B /* Pods-DownloadButtonApp.debug.xcconfig */,
				F35728C50097F8154AE17F94 /* Pods-DownloadButtonApp.release.xcconfig */,
			);
			path = Pods;
			sourceTree = "<group>";
		};
		24BEF5DD25E5F8410078AC29 = {
			isa = PBXGroup;
			children = (
				24BEF5E825E5F8410078AC29 /* DownloadButtonApp */,
				24BEF5E725E5F8410078AC29 /* Products */,
				0B3BE1F14647B65726535A68 /* Pods */,
				D4C342B7B25C00F80FC20AE9 /* Frameworks */,
			);
			sourceTree = "<group>";
		};
		24BEF5E725E5F8410078AC29 /* Products */ = {
			isa = PBXGroup;
			children = (
				24BEF5E625E5F8410078AC29 /* DownloadButtonApp.app */,
			);
			name = Products;
			sourceTree = "<group>";
		};
		24BEF5E825E5F8410078AC29 /* DownloadButtonApp */ = {
			isa = PBXGroup;
			children = (
				24BEF5E925E5F8410078AC29 /* AppDelegate.swift */,
				24BEF5EB25E5F8410078AC29 /* SceneDelegate.swift */,
				24BEF5ED25E5F8410078AC29 /* ViewController.swift */,
				24BEF5EF25E5F8410078AC29 /* Main.storyboard */,
				24BEF5F225E5F8430078AC29 /* Assets.xcassets */,
				24BEF5F425E5F8430078AC29 /* LaunchScreen.storyboard */,
				24BEF5F725E5F8430078AC29 /* Info.plist */,
			);
			path = DownloadButtonApp;
			sourceTree = "<group>";
		};
		D4C342B7B25C00F80FC20AE9 /* Frameworks */ = {
			isa = PBXGroup;
			children = (
				356336C8B819C008FDE17495 /* Pods_DownloadButtonApp.framework */,
			);
			name = Frameworks;
			sourceTree = "<group>";
		};
/* End PBXGroup section */

/* Begin PBXNativeTarget section */
		24BEF5E525E5F8410078AC29 /* DownloadButtonApp */ = {
			isa = PBXNativeTarget;
			buildConfigurationList = 24BEF5FA25E5F8430078AC29 /* Build configuration list for PBXNativeTarget "DownloadButtonApp" */;
			buildPhases = (
				3F719BB0C832E2BD2BE5917F /* [CP] Check Pods Manifest.lock */,
				24BEF5E225E5F8410078AC29 /* Sources */,
				24BEF5E325E5F8410078AC29 /* Frameworks */,
				24BEF5E425E5F8410078AC29 /* Resources */,
				EBE6721AD073F5325903414D /* [CP] Embed Pods Frameworks */,
			);
			buildRules = (
			);
			dependencies = (
			);
			name = DownloadButtonApp;
			productName = DownloadButtonApp;
			productReference = 24BEF5E625E5F8410078AC29 /* DownloadButtonApp.app */;
			productType = "com.apple.product-type.application";
		};
/* End PBXNativeTarget section */

/* Begin PBXProject section */
		24BEF5DE25E5F8410078AC29 /* Project object */ = {
			isa = PBXProject;
			attributes = {
				LastSwiftUpdateCheck = 1240;
				LastUpgradeCheck = 1240;
				TargetAttributes = {
					24BEF5E525E5F8410078AC29 = {
						CreatedOnToolsVersion = 12.4;
					};
				};
			};
			buildConfigurationList = 24BEF5E125E5F8410078AC29 /* Build configuration list for PBXProject "DownloadButtonApp" */;
			compatibilityVersion = "Xcode 9.3";
			developmentRegion = en;
			hasScannedForEncodings = 0;
			knownRegions = (
				en,
				Base,
			);
			mainGroup = 24BEF5DD25E5F8410078AC29;
			productRefGroup = 24BEF5E725E5F8410078AC29 /* Products */;
			projectDirPath = "";
			projectRoot = "";
			targets = (
				24BEF5E525E5F8410078AC29 /* DownloadButtonApp */,
			);
		};
/* End PBXProject section */

/* Begin PBXResourcesBuildPhase section */
		24BEF5E425E5F8410078AC29 /* Resources */ = {
			isa = PBXResourcesBuildPhase;
			buildActionMask = 2147483647;
			files = (
				24BEF5F625E5F8430078AC29 /* LaunchScreen.storyboard in Resources */,
				24BEF5F325E5F8430078AC29 /* Assets.xcassets in Resources */,
				24BEF5F125E5F8410078AC29 /* Main.storyboard in Resources */,
			);
			runOnlyForDeploymentPostprocessing = 0;
		};
/* End PBXResourcesBuildPhase section */

/* Begin PBXShellScriptBuildPhase section */
		3F719BB0C832E2BD2BE5917F /* [CP] Check Pods Manifest.lock */ = {
			isa = PBXShellScriptBuildPhase;
			buildActionMask = 2147483647;
			files = (
			);
			inputFileListPaths = (
			);
			inputPaths = (
				"${PODS_PODFILE_DIR_PATH}/Podfile.lock",
				"${PODS_ROOT}/Manifest.lock",
			);
			name = "[CP] Check Pods Manifest.lock";
			outputFileListPaths = (
			);
			outputPaths = (
				"$(DERIVED_FILE_DIR)/Pods-DownloadButtonApp-checkManifestLockResult.txt",
			);
			runOnlyForDeploymentPostprocessing = 0;
			shellPath = /bin/sh;
			shellScript = "diff \"${PODS_PODFILE_DIR_PATH}/Podfile.lock\" \"${PODS_ROOT}/Manifest.lock\" > /dev/null\nif [ $? != 0 ] ; then\n    # print error to STDERR\n    echo \"error: The sandbox is not in sync with the Podfile.lock. Run 'pod install' or update your CocoaPods installation.\" >&2\n    exit 1\nfi\n# This output is used by Xcode 'outputs' to avoid re-running this script phase.\necho \"SUCCESS\" > \"${SCRIPT_OUTPUT_FILE_0}\"\n";
			showEnvVarsInLog = 0;
		};
		EBE6721AD073F5325903414D /* [CP] Embed Pods Frameworks */ = {
			isa = PBXShellScriptBuildPhase;
			buildActionMask = 2147483647;
			files = (
			);
			inputFileListPaths = (
				"${PODS_ROOT}/Target Support Files/Pods-DownloadButtonApp/Pods-DownloadButtonApp-frameworks-${CONFIGURATION}-input-files.xcfilelist",
			);
			name = "[CP] Embed Pods Frameworks";
			outputFileListPaths = (
				"${PODS_ROOT}/Target Support Files/Pods-DownloadButtonApp/Pods-DownloadButtonApp-frameworks-${CONFIGURATION}-output-files.xcfilelist",
			);
			runOnlyForDeploymentPostprocessing = 0;
			shellPath = /bin/sh;
			shellScript = "\"${PODS_ROOT}/Target Support Files/Pods-DownloadButtonApp/Pods-DownloadButtonApp-frameworks.sh\"\n";
			showEnvVarsInLog = 0;
		};
/* End PBXShellScriptBuildPhase section */

/* Begin PBXSourcesBuildPhase section */
		24BEF5E225E5F8410078AC29 /* Sources */ = {
			isa = PBXSourcesBuildPhase;
			buildActionMask = 2147483647;
			files = (
				24BEF5EE25E5F8410078AC29 /* ViewController.swift in Sources */,
				24BEF5EA25E5F8410078AC29 /* AppDelegate.swift in Sources */,
				24BEF5EC25E5F8410078AC29 /* SceneDelegate.swift in Sources */,
			);
			runOnlyForDeploymentPostprocessing = 0;
		};
/* End PBXSourcesBuildPhase section */

/* Begin PBXVariantGroup section */
		24BEF5EF25E5F8410078AC29 /* Main.storyboard */ = {
			isa = PBXVariantGroup;
			children = (
				24BEF5F025E5F8410078AC29 /* Base */,
			);
			name = Main.storyboard;
			sourceTree = "<group>";
		};
		24BEF5F425E5F8430078AC29 /* LaunchScreen.storyboard */ = {
			isa = PBXVariantGroup;
			children = (
				24BEF5F525E5F8430078AC29 /* Base */,
			);
			name = LaunchScreen.storyboard;
			sourceTree = "<group>";
		};
/* End PBXVariantGroup section */

/* Begin XCBuildConfiguration section */
		24BEF5F825E5F8430078AC29 /* Debug */ = {
			isa = XCBuildConfiguration;
			buildSettings = {
				ALWAYS_SEARCH_USER_PATHS = NO;
				CLANG_ANALYZER_NONNULL = YES;
				CLANG_ANALYZER_NUMBER_OBJECT_CONVERSION = YES_AGGRESSIVE;
				CLANG_CXX_LANGUAGE_STANDARD = "gnu++14";
				CLANG_CXX_LIBRARY = "libc++";
				CLANG_ENABLE_MODULES = YES;
				CLANG_ENABLE_OBJC_ARC = YES;
				CLANG_ENABLE_OBJC_WEAK = YES;
				CLANG_WARN_BLOCK_CAPTURE_AUTORELEASING = YES;
				CLANG_WARN_BOOL_CONVERSION = YES;
				CLANG_WARN_COMMA = YES;
				CLANG_WARN_CONSTANT_CONVERSION = YES;
				CLANG_WARN_DEPRECATED_OBJC_IMPLEMENTATIONS = YES;
				CLANG_WARN_DIRECT_OBJC_ISA_USAGE = YES_ERROR;
				CLANG_WARN_DOCUMENTATION_COMMENTS = YES;
				CLANG_WARN_EMPTY_BODY = YES;
				CLANG_WARN_ENUM_CONVERSION = YES;
				CLANG_WARN_INFINITE_RECURSION = YES;
				CLANG_WARN_INT_CONVERSION = YES;
				CLANG_WARN_NON_LITERAL_NULL_CONVERSION = YES;
				CLANG_WARN_OBJC_IMPLICIT_RETAIN_SELF = YES;
				CLANG_WARN_OBJC_LITERAL_CONVERSION = YES;
				CLANG_WARN_OBJC_ROOT_CLASS = YES_ERROR;
				CLANG_WARN_QUOTED_INCLUDE_IN_FRAMEWORK_HEADER = YES;
				CLANG_WARN_RANGE_LOOP_ANALYSIS = YES;
				CLANG_WARN_STRICT_PROTOTYPES = YES;
				CLANG_WARN_SUSPICIOUS_MOVE = YES;
				CLANG_WARN_UNGUARDED_AVAILABILITY = YES_AGGRESSIVE;
				CLANG_WARN_UNREACHABLE_CODE = YES;
				CLANG_WARN__DUPLICATE_METHOD_MATCH = YES;
				COPY_PHASE_STRIP = NO;
				DEBUG_INFORMATION_FORMAT = dwarf;
				ENABLE_STRICT_OBJC_MSGSEND = YES;
				ENABLE_TESTABILITY = YES;
				GCC_C_LANGUAGE_STANDARD = gnu11;
				GCC_DYNAMIC_NO_PIC = NO;
				GCC_NO_COMMON_BLOCKS = YES;
				GCC_OPTIMIZATION_LEVEL = 0;
				GCC_PREPROCESSOR_DEFINITIONS = (
					"DEBUG=1",
					"$(inherited)",
				);
				GCC_WARN_64_TO_32_BIT_CONVERSION = YES;
				GCC_WARN_ABOUT_RETURN_TYPE = YES_ERROR;
				GCC_WARN_UNDECLARED_SELECTOR = YES;
				GCC_WARN_UNINITIALIZED_AUTOS = YES_AGGRESSIVE;
				GCC_WARN_UNUSED_FUNCTION = YES;
				GCC_WARN_UNUSED_VARIABLE = YES;
				IPHONEOS_DEPLOYMENT_TARGET = 14.4;
				MTL_ENABLE_DEBUG_INFO = INCLUDE_SOURCE;
				MTL_FAST_MATH = YES;
				ONLY_ACTIVE_ARCH = YES;
				SDKROOT = iphoneos;
				SWIFT_ACTIVE_COMPILATION_CONDITIONS = DEBUG;
				SWIFT_OPTIMIZATION_LEVEL = "-Onone";
			};
			name = Debug;
		};
		24BEF5F925E5F8430078AC29 /* Release */ = {
			isa = XCBuildConfiguration;
			buildSettings = {
				ALWAYS_SEARCH_USER_PATHS = NO;
				CLANG_ANALYZER_NONNULL = YES;
				CLANG_ANALYZER_NUMBER_OBJECT_CONVERSION = YES_AGGRESSIVE;
				CLANG_CXX_LANGUAGE_STANDARD = "gnu++14";
				CLANG_CXX_LIBRARY = "libc++";
				CLANG_ENABLE_MODULES = YES;
				CLANG_ENABLE_OBJC_ARC = YES;
				CLANG_ENABLE_OBJC_WEAK = YES;
				CLANG_WARN_BLOCK_CAPTURE_AUTORELEASING = YES;
				CLANG_WARN_BOOL_CONVERSION = YES;
				CLANG_WARN_COMMA = YES;
				CLANG_WARN_CONSTANT_CONVERSION = YES;
				CLANG_WARN_DEPRECATED_OBJC_IMPLEMENTATIONS = YES;
				CLANG_WARN_DIRECT_OBJC_ISA_USAGE = YES_ERROR;
				CLANG_WARN_DOCUMENTATION_COMMENTS = YES;
				CLANG_WARN_EMPTY_BODY = YES;
				CLANG_WARN_ENUM_CONVERSION = YES;
				CLANG_WARN_INFINITE_RECURSION = YES;
				CLANG_WARN_INT_CONVERSION = YES;
				CLANG_WARN_NON_LITERAL_NULL_CONVERSION = YES;
				CLANG_WARN_OBJC_IMPLICIT_RETAIN_SELF = YES;
				CLANG_WARN_OBJC_LITERAL_CONVERSION = YES;
				CLANG_WARN_OBJC_ROOT_CLASS = YES_ERROR;
				CLANG_WARN_QUOTED_INCLUDE_IN_FRAMEWORK_HEADER = YES;
				CLANG_WARN_RANGE_LOOP_ANALYSIS = YES;
				CLANG_WARN_STRICT_PROTOTYPES = YES;
				CLANG_WARN_SUSPICIOUS_MOVE = YES;
				CLANG_WARN_UNGUARDED_AVAILABILITY = YES_AGGRESSIVE;
				CLANG_WARN_UNREACHABLE_CODE = YES;
				CLANG_WARN__DUPLICATE_METHOD_MATCH = YES;
				COPY_PHASE_STRIP = NO;
				DEBUG_INFORMATION_FORMAT = "dwarf-with-dsym";
				ENABLE_NS_ASSERTIONS = NO;
				ENABLE_STRICT_OBJC_MSGSEND = YES;
				GCC_C_LANGUAGE_STANDARD = gnu11;
				GCC_NO_COMMON_BLOCKS = YES;
				GCC_WARN_64_TO_32_BIT_CONVERSION = YES;
				GCC_WARN_ABOUT_RETURN_TYPE = YES_ERROR;
				GCC_WARN_UNDECLARED_SELECTOR = YES;
				GCC_WARN_UNINITIALIZED_AUTOS = YES_AGGRESSIVE;
				GCC_WARN_UNUSED_FUNCTION = YES;
				GCC_WARN_UNUSED_VARIABLE = YES;
				IPHONEOS_DEPLOYMENT_TARGET = 14.4;
				MTL_ENABLE_DEBUG_INFO = NO;
				MTL_FAST_MATH = YES;
				SDKROOT = iphoneos;
				SWIFT_COMPILATION_MODE = wholemodule;
				SWIFT_OPTIMIZATION_LEVEL = "-O";
				VALIDATE_PRODUCT = YES;
			};
			name = Release;
		};
		24BEF5FB25E5F8430078AC29 /* Debug */ = {
			isa = XCBuildConfiguration;
			baseConfigurationReference = 23C429446A1FCC852A89F82B /* Pods-DownloadButtonApp.debug.xcconfig */;
			buildSettings = {
				ASSETCATALOG_COMPILER_APPICON_NAME = AppIcon;
				ASSETCATALOG_COMPILER_GLOBAL_ACCENT_COLOR_NAME = AccentColor;
				CODE_SIGN_STYLE = Automatic;
				DEVELOPMENT_TEAM = HF833JV2AF;
				INFOPLIST_FILE = DownloadButtonApp/Info.plist;
				IPHONEOS_DEPLOYMENT_TARGET = 14.1;
				LD_RUNPATH_SEARCH_PATHS = (
					"$(inherited)",
					"@executable_path/Frameworks",
				);
				PRODUCT_BUNDLE_IDENTIFIER = joon.DownloadButtonApp;
				PRODUCT_NAME = "$(TARGET_NAME)";
				SWIFT_VERSION = 5.0;
				TARGETED_DEVICE_FAMILY = "1,2";
			};
			name = Debug;
		};
		24BEF5FC25E5F8430078AC29 /* Release */ = {
			isa = XCBuildConfiguration;
			baseConfigurationReference = F35728C50097F8154AE17F94 /* Pods-DownloadButtonApp.release.xcconfig */;
			buildSettings = {
				ASSETCATALOG_COMPILER_APPICON_NAME = AppIcon;
				ASSETCATALOG_COMPILER_GLOBAL_ACCENT_COLOR_NAME = AccentColor;
				CODE_SIGN_STYLE = Automatic;
				DEVELOPMENT_TEAM = HF833JV2AF;
				INFOPLIST_FILE = DownloadButtonApp/Info.plist;
				IPHONEOS_DEPLOYMENT_TARGET = 14.1;
				LD_RUNPATH_SEARCH_PATHS = (
					"$(inherited)",
					"@executable_path/Frameworks",
				);
				PRODUCT_BUNDLE_IDENTIFIER = joon.DownloadButtonApp;
				PRODUCT_NAME = "$(TARGET_NAME)";
				SWIFT_VERSION = 5.0;
				TARGETED_DEVICE_FAMILY = "1,2";
			};
			name = Release;
		};
/* End XCBuildConfiguration section */

/* Begin XCConfigurationList section */
		24BEF5E125E5F8410078AC29 /* Build configuration list for PBXProject "DownloadButtonApp" */ = {
			isa = XCConfigurationList;
			buildConfigurations = (
				24BEF5F825E5F8430078AC29 /* Debug */,
				24BEF5F925E5F8430078AC29 /* Release */,
			);
			defaultConfigurationIsVisible = 0;
			defaultConfigurationName = Release;
		};
		24BEF5FA25E5F8430078AC29 /* Build configuration list for PBXNativeTarget "DownloadButtonApp" */ = {
			isa = XCConfigurationList;
			buildConfigurations = (
				24BEF5FB25E5F8430078AC29 /* Debug */,
				24BEF5FC25E5F8430078AC29 /* Release */,
			);
			defaultConfigurationIsVisible = 0;
			defaultConfigurationName = Release;
		};
/* End XCConfigurationList section */
	};
	rootObject = 24BEF5DE25E5F8410078AC29 /* Project object */;
}
